
Microsoft Visual Studio Solution File, Format Version 12.00
# Visual Studio Version 17
VisualStudioVersion = 17.14.36623.8 d17.14
MinimumVisualStudioVersion = 10.0.40219.1
Project("{FAE04EC0-301F-11D3-BF4B-00C04F79EFBC}") = "LAB3_SwitchCaseMenu_05", "LAB3_SwitchCaseMenu_05.csproj", "{5C368574-7FDD-4AF7-9B88-0CD9B8587C88}"
EndProject
Global
	GlobalSection(SolutionConfigurationPlatforms) = preSolution
		Debug|Any CPU = Debug|Any CPU
		Release|Any CPU = Release|Any CPU
	EndGlobalSection
	GlobalSection(ProjectConfigurationPlatforms) = postSolution
		{5C368574-7FDD-4AF7-9B88-0CD9B8587C88}.Debug|Any CPU.ActiveCfg = Debug|Any CPU
		{5C368574-7FDD-4AF7-9B88-0CD9B8587C88}.Debug|Any CPU.Build.0 = Debug|Any CPU
		{5C368574-7FDD-4AF7-9B88-0CD9B8587C88}.Release|Any CPU.ActiveCfg = Release|Any CPU
		{5C368574-7FDD-4AF7-9B88-0CD9B8587C88}.Release|Any CPU.Build.0 = Release|Any CPU
	EndGlobalSection
	GlobalSection(SolutionProperties) = preSolution
		HideSolutionNode = FALSE
	EndGlobalSection
	GlobalSection(ExtensibilityGlobals) = postSolution
		SolutionGuid = {F7EFDBBE-9950-48CC-9638-DA7FD495B552}
	EndGlobalSection
EndGlobal
